# This file was autogenerated by Stack.
# You should not edit this file by hand.
# For more information, please see the documentation at:
#   https://docs.haskellstack.org/en/stable/lock_files

packages:
- completed:
    hackage: th-instance-reification-0.1.5.1@sha256:fd42aada59571324a7c910d0f6088913da5782d9027a3e23e05fc39c6caab62c,2673
    pantry-tree:
      size: 517
      sha256: 059ff22846d4ff36175b0d5ed9efe20a7943d24594d20cf84eeddb517777fb27
  original:
    hackage: th-instance-reification-0.1.5.1
- completed:
    hackage: list-extras-0.4.1.6@sha256:2b8b7c2632f7a98ee94c74bcb836ba2df7c7089ac7ccb16b6e11aa9df4b20c21,2691
    pantry-tree:
      size: 596
      sha256: 1fe5ad799304cce0d005068d6bcbc0a8ce4c26c1268d3580aa4cbdf7279ae4f2
  original:
    hackage: list-extras-0.4.1.6
snapshots:
- completed:
    size: 586296
    url: https://raw.githubusercontent.com/commercialhaskell/stackage-snapshots/master/lts/18/18.yaml
    sha256: 63539429076b7ebbab6daa7656cfb079393bf644971156dc349d7c0453694ac2
  original: lts-18.18
